
Microsoft Visual Studio Solution File, Format Version 12.00
# Visual Studio Version 17
VisualStudioVersion = 17.13.35825.156 d17.13
MinimumVisualStudioVersion = 10.0.40219.1
Project("{FAE04EC0-301F-11D3-BF4B-00C04F79EFBC}") = "MLOOP_L6", "MLOOP_L6\MLOOP_L6.csproj", "{C99A4B86-00E8-42AD-BFB1-8C69A0B32BF7}"
EndProject
Global
	GlobalSection(SolutionConfigurationPlatforms) = preSolution
		Debug|Any CPU = Debug|Any CPU
		Release|Any CPU = Release|Any CPU
	EndGlobalSection
	GlobalSection(ProjectConfigurationPlatforms) = postSolution
		{C99A4B86-00E8-42AD-BFB1-8C69A0B32BF7}.Debug|Any CPU.ActiveCfg = Debug|Any CPU
		{C99A4B86-00E8-42AD-BFB1-8C69A0B32BF7}.Debug|Any CPU.Build.0 = Debug|Any CPU
		{C99A4B86-00E8-42AD-BFB1-8C69A0B32BF7}.Release|Any CPU.ActiveCfg = Release|Any CPU
		{C99A4B86-00E8-42AD-BFB1-8C69A0B32BF7}.Release|Any CPU.Build.0 = Release|Any CPU
	EndGlobalSection
	GlobalSection(SolutionProperties) = preSolution
		HideSolutionNode = FALSE
	EndGlobalSection
	GlobalSection(ExtensibilityGlobals) = postSolution
		SolutionGuid = {8902D09F-00F6-42B8-9E68-6C8DF35BF377}
	EndGlobalSection
EndGlobal
